// !$*UTF8*$!
{
	archiveVersion = 1;
	classes = {
	};
	objectVersion = 51;
	objects = {

/* Begin PBXBuildFile section */
		98824A83234F11620089DADC /* AppDelegate.swift in Sources */ = {isa = PBXBuildFile; fileRef = 98824A82234F11620089DADC /* AppDelegate.swift */; };
		98824A85234F11620089DADC /* SceneDelegate.swift in Sources */ = {isa = PBXBuildFile; fileRef = 98824A84234F11620089DADC /* SceneDelegate.swift */; };
		98824A87234F11620089DADC /* ViewController.swift in Sources */ = {isa = PBXBuildFile; fileRef = 98824A86234F11620089DADC /* ViewController.swift */; };
		98824A8A234F11620089DADC /* Main.storyboard in Resources */ = {isa = PBXBuildFile; fileRef = 98824A88234F11620089DADC /* Main.storyboard */; };
		98824A8C234F116A0089DADC /* Assets.xcassets in Resources */ = {isa = PBXBuildFile; fileRef = 98824A8B234F116A0089DADC /* Assets.xcassets */; };
		98824A8F234F116A0089DADC /* LaunchScreen.storyboard in Resources */ = {isa = PBXBuildFile; fileRef = 98824A8D234F116A0089DADC /* LaunchScreen.storyboard */; };
		98824A97234F12A90089DADC /* MainTabBarController.swift in Sources */ = {isa = PBXBuildFile; fileRef = 98824A96234F12A90089DADC /* MainTabBarController.swift */; };
		98824A99234F13AF0089DADC /* SearchMusicViewController.swift in Sources */ = {isa = PBXBuildFile; fileRef = 98824A98234F13AF0089DADC /* SearchMusicViewController.swift */; };
		98824A9B234F153A0089DADC /* Contents.json in Resources */ = {isa = PBXBuildFile; fileRef = 98824A9A234F153A0089DADC /* Contents.json */; };
		98824A9D234F23220089DADC /* SearchResponse.swift in Sources */ = {isa = PBXBuildFile; fileRef = 98824A9C234F23220089DADC /* SearchResponse.swift */; };
		98824A9F234F2FE00089DADC /* NetworkService.swift in Sources */ = {isa = PBXBuildFile; fileRef = 98824A9E234F2FE00089DADC /* NetworkService.swift */; };
		98824AB7234F35790089DADC /* SearchPresenter.swift in Sources */ = {isa = PBXBuildFile; fileRef = 98824AB0234F35790089DADC /* SearchPresenter.swift */; };
		98824AB8234F35790089DADC /* SearchWorker.swift in Sources */ = {isa = PBXBuildFile; fileRef = 98824AB1234F35790089DADC /* SearchWorker.swift */; };
		98824AB9234F35790089DADC /* SearchRouter.swift in Sources */ = {isa = PBXBuildFile; fileRef = 98824AB2234F35790089DADC /* SearchRouter.swift */; };
		98824ABA234F35790089DADC /* SearchModels.swift in Sources */ = {isa = PBXBuildFile; fileRef = 98824AB3234F35790089DADC /* SearchModels.swift */; };
		98824ABB234F35790089DADC /* SearchViewController.swift in Sources */ = {isa = PBXBuildFile; fileRef = 98824AB4234F35790089DADC /* SearchViewController.swift */; };
		98824ABC234F35790089DADC /* SearchInteractor.swift in Sources */ = {isa = PBXBuildFile; fileRef = 98824AB5234F35790089DADC /* SearchInteractor.swift */; };
		98824ABF234F3B580089DADC /* SearchViewController.storyboard in Resources */ = {isa = PBXBuildFile; fileRef = 98824ABE234F3B580089DADC /* SearchViewController.storyboard */; };
		98824AC1234F3DD30089DADC /* UIViewController + StoryBoard.swift in Sources */ = {isa = PBXBuildFile; fileRef = 98824AC0234F3DD30089DADC /* UIViewController + StoryBoard.swift */; };
		F9465DDDB7F7D640DCD4B991 /* Pods_IMusic.framework in Frameworks */ = {isa = PBXBuildFile; fileRef = BADF63E511D63A7ED4442D43 /* Pods_IMusic.framework */; };
/* End PBXBuildFile section */

/* Begin PBXFileReference section */
		7FFFC73B9CE4F59E730FFA8F /* Pods-IMusic.debug.xcconfig */ = {isa = PBXFileReference; includeInIndex = 1; lastKnownFileType = text.xcconfig; name = "Pods-IMusic.debug.xcconfig"; path = "Target Support Files/Pods-IMusic/Pods-IMusic.debug.xcconfig"; sourceTree = "<group>"; };
		98824A7F234F11620089DADC /* IMusic.app */ = {isa = PBXFileReference; explicitFileType = wrapper.application; includeInIndex = 0; path = IMusic.app; sourceTree = BUILT_PRODUCTS_DIR; };
		98824A82234F11620089DADC /* AppDelegate.swift */ = {isa = PBXFileReference; lastKnownFileType = sourcecode.swift; path = AppDelegate.swift; sourceTree = "<group>"; };
		98824A84234F11620089DADC /* SceneDelegate.swift */ = {isa = PBXFileReference; lastKnownFileType = sourcecode.swift; path = SceneDelegate.swift; sourceTree = "<group>"; };
		98824A86234F11620089DADC /* ViewController.swift */ = {isa = PBXFileReference; lastKnownFileType = sourcecode.swift; path = ViewController.swift; sourceTree = "<group>"; };
		98824A89234F11620089DADC /* Base */ = {isa = PBXFileReference; lastKnownFileType = file.storyboard; name = Base; path = Base.lproj/Main.storyboard; sourceTree = "<group>"; };
		98824A8B234F116A0089DADC /* Assets.xcassets */ = {isa = PBXFileReference; lastKnownFileType = folder.assetcatalog; path = Assets.xcassets; sourceTree = "<group>"; };
		98824A8E234F116A0089DADC /* Base */ = {isa = PBXFileReference; lastKnownFileType = file.storyboard; name = Base; path = Base.lproj/LaunchScreen.storyboard; sourceTree = "<group>"; };
		98824A90234F116A0089DADC /* Info.plist */ = {isa = PBXFileReference; lastKnownFileType = text.plist.xml; path = Info.plist; sourceTree = "<group>"; };
		98824A96234F12A90089DADC /* MainTabBarController.swift */ = {isa = PBXFileReference; lastKnownFileType = sourcecode.swift; path = MainTabBarController.swift; sourceTree = "<group>"; };
		98824A98234F13AF0089DADC /* SearchMusicViewController.swift */ = {isa = PBXFileReference; lastKnownFileType = sourcecode.swift; path = SearchMusicViewController.swift; sourceTree = "<group>"; };
		98824A9A234F153A0089DADC /* Contents.json */ = {isa = PBXFileReference; fileEncoding = 4; lastKnownFileType = text.json; path = Contents.json; sourceTree = "<group>"; };
		98824A9C234F23220089DADC /* SearchResponse.swift */ = {isa = PBXFileReference; lastKnownFileType = sourcecode.swift; path = SearchResponse.swift; sourceTree = "<group>"; };
		98824A9E234F2FE00089DADC /* NetworkService.swift */ = {isa = PBXFileReference; lastKnownFileType = sourcecode.swift; path = NetworkService.swift; sourceTree = "<group>"; };
		98824AB0234F35790089DADC /* SearchPresenter.swift */ = {isa = PBXFileReference; lastKnownFileType = sourcecode.swift; path = SearchPresenter.swift; sourceTree = "<group>"; };
		98824AB1234F35790089DADC /* SearchWorker.swift */ = {isa = PBXFileReference; lastKnownFileType = sourcecode.swift; path = SearchWorker.swift; sourceTree = "<group>"; };
		98824AB2234F35790089DADC /* SearchRouter.swift */ = {isa = PBXFileReference; lastKnownFileType = sourcecode.swift; path = SearchRouter.swift; sourceTree = "<group>"; };
		98824AB3234F35790089DADC /* SearchModels.swift */ = {isa = PBXFileReference; lastKnownFileType = sourcecode.swift; path = SearchModels.swift; sourceTree = "<group>"; };
		98824AB4234F35790089DADC /* SearchViewController.swift */ = {isa = PBXFileReference; lastKnownFileType = sourcecode.swift; path = SearchViewController.swift; sourceTree = "<group>"; };
		98824AB5234F35790089DADC /* SearchInteractor.swift */ = {isa = PBXFileReference; lastKnownFileType = sourcecode.swift; path = SearchInteractor.swift; sourceTree = "<group>"; };
		98824ABE234F3B580089DADC /* SearchViewController.storyboard */ = {isa = PBXFileReference; lastKnownFileType = file.storyboard; path = SearchViewController.storyboard; sourceTree = "<group>"; };
		98824AC0234F3DD30089DADC /* UIViewController + StoryBoard.swift */ = {isa = PBXFileReference; lastKnownFileType = sourcecode.swift; path = "UIViewController + StoryBoard.swift"; sourceTree = "<group>"; };
		BADF63E511D63A7ED4442D43 /* Pods_IMusic.framework */ = {isa = PBXFileReference; explicitFileType = wrapper.framework; includeInIndex = 0; path = Pods_IMusic.framework; sourceTree = BUILT_PRODUCTS_DIR; };
		ED06DF1560B02CD11AEB1AE0 /* Pods-IMusic.release.xcconfig */ = {isa = PBXFileReference; includeInIndex = 1; lastKnownFileType = text.xcconfig; name = "Pods-IMusic.release.xcconfig"; path = "Target Support Files/Pods-IMusic/Pods-IMusic.release.xcconfig"; sourceTree = "<group>"; };
/* End PBXFileReference section */

/* Begin PBXFrameworksBuildPhase section */
		98824A7C234F11620089DADC /* Frameworks */ = {
			isa = PBXFrameworksBuildPhase;
			buildActionMask = 2147483647;
			files = (
				F9465DDDB7F7D640DCD4B991 /* Pods_IMusic.framework in Frameworks */,
			);
			runOnlyForDeploymentPostprocessing = 0;
		};
/* End PBXFrameworksBuildPhase section */

/* Begin PBXGroup section */
		085D6CBCD99A87D022594CBA /* Frameworks */ = {
			isa = PBXGroup;
			children = (
				BADF63E511D63A7ED4442D43 /* Pods_IMusic.framework */,
			);
			name = Frameworks;
			sourceTree = "<group>";
		};
		1781BC975ADFE94E6FDE1DE0 /* Pods */ = {
			isa = PBXGroup;
			children = (
				7FFFC73B9CE4F59E730FFA8F /* Pods-IMusic.debug.xcconfig */,
				ED06DF1560B02CD11AEB1AE0 /* Pods-IMusic.release.xcconfig */,
			);
			path = Pods;
			sourceTree = "<group>";
		};
		98824A76234F11620089DADC = {
			isa = PBXGroup;
			children = (
				98824A81234F11620089DADC /* IMusic */,
				98824A80234F11620089DADC /* Products */,
				1781BC975ADFE94E6FDE1DE0 /* Pods */,
				085D6CBCD99A87D022594CBA /* Frameworks */,
			);
			sourceTree = "<group>";
		};
		98824A80234F11620089DADC /* Products */ = {
			isa = PBXGroup;
			children = (
				98824A7F234F11620089DADC /* IMusic.app */,
			);
			name = Products;
			sourceTree = "<group>";
		};
		98824A81234F11620089DADC /* IMusic */ = {
			isa = PBXGroup;
			children = (
				98824A82234F11620089DADC /* AppDelegate.swift */,
				98824A84234F11620089DADC /* SceneDelegate.swift */,
				98824AAF234F35060089DADC /* Services */,
				98824A96234F12A90089DADC /* MainTabBarController.swift */,
				98824AA0234F34910089DADC /* Search */,
				98824A98234F13AF0089DADC /* SearchMusicViewController.swift */,
				98824AC2234F3DEC0089DADC /* Helpers */,
				98824A86234F11620089DADC /* ViewController.swift */,
				98824A9C234F23220089DADC /* SearchResponse.swift */,
				98824A88234F11620089DADC /* Main.storyboard */,
				98824A9A234F153A0089DADC /* Contents.json */,
				98824A8B234F116A0089DADC /* Assets.xcassets */,
				98824A8D234F116A0089DADC /* LaunchScreen.storyboard */,
				98824A90234F116A0089DADC /* Info.plist */,
			);
			path = IMusic;
			sourceTree = "<group>";
		};
		98824AA0234F34910089DADC /* Search */ = {
			isa = PBXGroup;
			children = (
				98824ABE234F3B580089DADC /* SearchViewController.storyboard */,
				98824AB4234F35790089DADC /* SearchViewController.swift */,
				98824AB5234F35790089DADC /* SearchInteractor.swift */,
				98824AB0234F35790089DADC /* SearchPresenter.swift */,
				98824AB3234F35790089DADC /* SearchModels.swift */,
				98824AB1234F35790089DADC /* SearchWorker.swift */,
				98824AB2234F35790089DADC /* SearchRouter.swift */,
			);
			path = Search;
			sourceTree = "<group>";
		};
		98824AAF234F35060089DADC /* Services */ = {
			isa = PBXGroup;
			children = (
				98824A9E234F2FE00089DADC /* NetworkService.swift */,
			);
			path = Services;
			sourceTree = "<group>";
		};
		98824AC2234F3DEC0089DADC /* Helpers */ = {
			isa = PBXGroup;
			children = (
				98824AC0234F3DD30089DADC /* UIViewController + StoryBoard.swift */,
			);
			path = Helpers;
			sourceTree = "<group>";
		};
/* End PBXGroup section */

/* Begin PBXNativeTarget section */
		98824A7E234F11620089DADC /* IMusic */ = {
			isa = PBXNativeTarget;
			buildConfigurationList = 98824A93234F116A0089DADC /* Build configuration list for PBXNativeTarget "IMusic" */;
			buildPhases = (
				72989955C12106F49C6BB016 /* [CP] Check Pods Manifest.lock */,
				98824A7B234F11620089DADC /* Sources */,
				98824A7C234F11620089DADC /* Frameworks */,
				98824A7D234F11620089DADC /* Resources */,
				55CDC7AAC5293337D1F0868E /* [CP] Embed Pods Frameworks */,
			);
			buildRules = (
			);
			dependencies = (
			);
			name = IMusic;
			productName = IMusic;
			productReference = 98824A7F234F11620089DADC /* IMusic.app */;
			productType = "com.apple.product-type.application";
		};
/* End PBXNativeTarget section */

/* Begin PBXProject section */
		98824A77234F11620089DADC /* Project object */ = {
			isa = PBXProject;
			attributes = {
				LastSwiftUpdateCheck = 1100;
				LastUpgradeCheck = 1100;
				ORGANIZATIONNAME = "Илья Маркелов";
				TargetAttributes = {
					98824A7E234F11620089DADC = {
						CreatedOnToolsVersion = 11.0;
					};
				};
			};
			buildConfigurationList = 98824A7A234F11620089DADC /* Build configuration list for PBXProject "IMusic" */;
			compatibilityVersion = "Xcode 9.3";
			developmentRegion = en;
			hasScannedForEncodings = 0;
			knownRegions = (
				en,
				Base,
			);
			mainGroup = 98824A76234F11620089DADC;
			productRefGroup = 98824A80234F11620089DADC /* Products */;
			projectDirPath = "";
			projectRoot = "";
			targets = (
				98824A7E234F11620089DADC /* IMusic */,
			);
		};
/* End PBXProject section */

/* Begin PBXResourcesBuildPhase section */
		98824A7D234F11620089DADC /* Resources */ = {
			isa = PBXResourcesBuildPhase;
			buildActionMask = 2147483647;
			files = (
				98824A8F234F116A0089DADC /* LaunchScreen.storyboard in Resources */,
				98824A8C234F116A0089DADC /* Assets.xcassets in Resources */,
				98824A8A234F11620089DADC /* Main.storyboard in Resources */,
				98824A9B234F153A0089DADC /* Contents.json in Resources */,
				98824ABF234F3B580089DADC /* SearchViewController.storyboard in Resources */,
			);
			runOnlyForDeploymentPostprocessing = 0;
		};
/* End PBXResourcesBuildPhase section */

/* Begin PBXShellScriptBuildPhase section */
		55CDC7AAC5293337D1F0868E /* [CP] Embed Pods Frameworks */ = {
			isa = PBXShellScriptBuildPhase;
			buildActionMask = 2147483647;
			files = (
			);
			inputFileListPaths = (
				"${PODS_ROOT}/Target Support Files/Pods-IMusic/Pods-IMusic-frameworks-${CONFIGURATION}-input-files.xcfilelist",
			);
			name = "[CP] Embed Pods Frameworks";
			outputFileListPaths = (
				"${PODS_ROOT}/Target Support Files/Pods-IMusic/Pods-IMusic-frameworks-${CONFIGURATION}-output-files.xcfilelist",
			);
			runOnlyForDeploymentPostprocessing = 0;
			shellPath = /bin/sh;
			shellScript = "\"${PODS_ROOT}/Target Support Files/Pods-IMusic/Pods-IMusic-frameworks.sh\"\n";
			showEnvVarsInLog = 0;
		};
		72989955C12106F49C6BB016 /* [CP] Check Pods Manifest.lock */ = {
			isa = PBXShellScriptBuildPhase;
			buildActionMask = 2147483647;
			files = (
			);
			inputFileListPaths = (
			);
			inputPaths = (
				"${PODS_PODFILE_DIR_PATH}/Podfile.lock",
				"${PODS_ROOT}/Manifest.lock",
			);
			name = "[CP] Check Pods Manifest.lock";
			outputFileListPaths = (
			);
			outputPaths = (
				"$(DERIVED_FILE_DIR)/Pods-IMusic-checkManifestLockResult.txt",
			);
			runOnlyForDeploymentPostprocessing = 0;
			shellPath = /bin/sh;
			shellScript = "diff \"${PODS_PODFILE_DIR_PATH}/Podfile.lock\" \"${PODS_ROOT}/Manifest.lock\" > /dev/null\nif [ $? != 0 ] ; then\n    # print error to STDERR\n    echo \"error: The sandbox is not in sync with the Podfile.lock. Run 'pod install' or update your CocoaPods installation.\" >&2\n    exit 1\nfi\n# This output is used by Xcode 'outputs' to avoid re-running this script phase.\necho \"SUCCESS\" > \"${SCRIPT_OUTPUT_FILE_0}\"\n";
			showEnvVarsInLog = 0;
		};
/* End PBXShellScriptBuildPhase section */

/* Begin PBXSourcesBuildPhase section */
		98824A7B234F11620089DADC /* Sources */ = {
			isa = PBXSourcesBuildPhase;
			buildActionMask = 2147483647;
			files = (
				98824A99234F13AF0089DADC /* SearchMusicViewController.swift in Sources */,
				98824A87234F11620089DADC /* ViewController.swift in Sources */,
				98824A9D234F23220089DADC /* SearchResponse.swift in Sources */,
				98824ABC234F35790089DADC /* SearchInteractor.swift in Sources */,
				98824A83234F11620089DADC /* AppDelegate.swift in Sources */,
				98824AC1234F3DD30089DADC /* UIViewController + StoryBoard.swift in Sources */,
				98824A97234F12A90089DADC /* MainTabBarController.swift in Sources */,
				98824AB8234F35790089DADC /* SearchWorker.swift in Sources */,
				98824ABB234F35790089DADC /* SearchViewController.swift in Sources */,
				98824AB9234F35790089DADC /* SearchRouter.swift in Sources */,
				98824ABA234F35790089DADC /* SearchModels.swift in Sources */,
				98824A85234F11620089DADC /* SceneDelegate.swift in Sources */,
				98824AB7234F35790089DADC /* SearchPresenter.swift in Sources */,
				98824A9F234F2FE00089DADC /* NetworkService.swift in Sources */,
			);
			runOnlyForDeploymentPostprocessing = 0;
		};
/* End PBXSourcesBuildPhase section */

/* Begin PBXVariantGroup section */
		98824A88234F11620089DADC /* Main.storyboard */ = {
			isa = PBXVariantGroup;
			children = (
				98824A89234F11620089DADC /* Base */,
			);
			name = Main.storyboard;
			sourceTree = "<group>";
		};
		98824A8D234F116A0089DADC /* LaunchScreen.storyboard */ = {
			isa = PBXVariantGroup;
			children = (
				98824A8E234F116A0089DADC /* Base */,
			);
			name = LaunchScreen.storyboard;
			sourceTree = "<group>";
		};
/* End PBXVariantGroup section */

/* Begin XCBuildConfiguration section */
		98824A91234F116A0089DADC /* Debug */ = {
			isa = XCBuildConfiguration;
			buildSettings = {
				ALWAYS_SEARCH_USER_PATHS = NO;
				CLANG_ANALYZER_NONNULL = YES;
				CLANG_ANALYZER_NUMBER_OBJECT_CONVERSION = YES_AGGRESSIVE;
				CLANG_CXX_LANGUAGE_STANDARD = "gnu++14";
				CLANG_CXX_LIBRARY = "libc++";
				CLANG_ENABLE_MODULES = YES;
				CLANG_ENABLE_OBJC_ARC = YES;
				CLANG_ENABLE_OBJC_WEAK = YES;
				CLANG_WARN_BLOCK_CAPTURE_AUTORELEASING = YES;
				CLANG_WARN_BOOL_CONVERSION = YES;
				CLANG_WARN_COMMA = YES;
				CLANG_WARN_CONSTANT_CONVERSION = YES;
				CLANG_WARN_DEPRECATED_OBJC_IMPLEMENTATIONS = YES;
				CLANG_WARN_DIRECT_OBJC_ISA_USAGE = YES_ERROR;
				CLANG_WARN_DOCUMENTATION_COMMENTS = YES;
				CLANG_WARN_EMPTY_BODY = YES;
				CLANG_WARN_ENUM_CONVERSION = YES;
				CLANG_WARN_INFINITE_RECURSION = YES;
				CLANG_WARN_INT_CONVERSION = YES;
				CLANG_WARN_NON_LITERAL_NULL_CONVERSION = YES;
				CLANG_WARN_OBJC_IMPLICIT_RETAIN_SELF = YES;
				CLANG_WARN_OBJC_LITERAL_CONVERSION = YES;
				CLANG_WARN_OBJC_ROOT_CLASS = YES_ERROR;
				CLANG_WARN_RANGE_LOOP_ANALYSIS = YES;
				CLANG_WARN_STRICT_PROTOTYPES = YES;
				CLANG_WARN_SUSPICIOUS_MOVE = YES;
				CLANG_WARN_UNGUARDED_AVAILABILITY = YES_AGGRESSIVE;
				CLANG_WARN_UNREACHABLE_CODE = YES;
				CLANG_WARN__DUPLICATE_METHOD_MATCH = YES;
				COPY_PHASE_STRIP = NO;
				DEBUG_INFORMATION_FORMAT = dwarf;
				ENABLE_STRICT_OBJC_MSGSEND = YES;
				ENABLE_TESTABILITY = YES;
				GCC_C_LANGUAGE_STANDARD = gnu11;
				GCC_DYNAMIC_NO_PIC = NO;
				GCC_NO_COMMON_BLOCKS = YES;
				GCC_OPTIMIZATION_LEVEL = 0;
				GCC_PREPROCESSOR_DEFINITIONS = (
					"DEBUG=1",
					"$(inherited)",
				);
				GCC_WARN_64_TO_32_BIT_CONVERSION = YES;
				GCC_WARN_ABOUT_RETURN_TYPE = YES_ERROR;
				GCC_WARN_UNDECLARED_SELECTOR = YES;
				GCC_WARN_UNINITIALIZED_AUTOS = YES_AGGRESSIVE;
				GCC_WARN_UNUSED_FUNCTION = YES;
				GCC_WARN_UNUSED_VARIABLE = YES;
				IPHONEOS_DEPLOYMENT_TARGET = 13.0;
				MTL_ENABLE_DEBUG_INFO = INCLUDE_SOURCE;
				MTL_FAST_MATH = YES;
				ONLY_ACTIVE_ARCH = YES;
				SDKROOT = iphoneos;
				SWIFT_ACTIVE_COMPILATION_CONDITIONS = DEBUG;
				SWIFT_OPTIMIZATION_LEVEL = "-Onone";
			};
			name = Debug;
		};
		98824A92234F116A0089DADC /* Release */ = {
			isa = XCBuildConfiguration;
			buildSettings = {
				ALWAYS_SEARCH_USER_PATHS = NO;
				CLANG_ANALYZER_NONNULL = YES;
				CLANG_ANALYZER_NUMBER_OBJECT_CONVERSION = YES_AGGRESSIVE;
				CLANG_CXX_LANGUAGE_STANDARD = "gnu++14";
				CLANG_CXX_LIBRARY = "libc++";
				CLANG_ENABLE_MODULES = YES;
				CLANG_ENABLE_OBJC_ARC = YES;
				CLANG_ENABLE_OBJC_WEAK = YES;
				CLANG_WARN_BLOCK_CAPTURE_AUTORELEASING = YES;
				CLANG_WARN_BOOL_CONVERSION = YES;
				CLANG_WARN_COMMA = YES;
				CLANG_WARN_CONSTANT_CONVERSION = YES;
				CLANG_WARN_DEPRECATED_OBJC_IMPLEMENTATIONS = YES;
				CLANG_WARN_DIRECT_OBJC_ISA_USAGE = YES_ERROR;
				CLANG_WARN_DOCUMENTATION_COMMENTS = YES;
				CLANG_WARN_EMPTY_BODY = YES;
				CLANG_WARN_ENUM_CONVERSION = YES;
				CLANG_WARN_INFINITE_RECURSION = YES;
				CLANG_WARN_INT_CONVERSION = YES;
				CLANG_WARN_NON_LITERAL_NULL_CONVERSION = YES;
				CLANG_WARN_OBJC_IMPLICIT_RETAIN_SELF = YES;
				CLANG_WARN_OBJC_LITERAL_CONVERSION = YES;
				CLANG_WARN_OBJC_ROOT_CLASS = YES_ERROR;
				CLANG_WARN_RANGE_LOOP_ANALYSIS = YES;
				CLANG_WARN_STRICT_PROTOTYPES = YES;
				CLANG_WARN_SUSPICIOUS_MOVE = YES;
				CLANG_WARN_UNGUARDED_AVAILABILITY = YES_AGGRESSIVE;
				CLANG_WARN_UNREACHABLE_CODE = YES;
				CLANG_WARN__DUPLICATE_METHOD_MATCH = YES;
				COPY_PHASE_STRIP = NO;
				DEBUG_INFORMATION_FORMAT = "dwarf-with-dsym";
				ENABLE_NS_ASSERTIONS = NO;
				ENABLE_STRICT_OBJC_MSGSEND = YES;
				GCC_C_LANGUAGE_STANDARD = gnu11;
				GCC_NO_COMMON_BLOCKS = YES;
				GCC_WARN_64_TO_32_BIT_CONVERSION = YES;
				GCC_WARN_ABOUT_RETURN_TYPE = YES_ERROR;
				GCC_WARN_UNDECLARED_SELECTOR = YES;
				GCC_WARN_UNINITIALIZED_AUTOS = YES_AGGRESSIVE;
				GCC_WARN_UNUSED_FUNCTION = YES;
				GCC_WARN_UNUSED_VARIABLE = YES;
				IPHONEOS_DEPLOYMENT_TARGET = 13.0;
				MTL_ENABLE_DEBUG_INFO = NO;
				MTL_FAST_MATH = YES;
				SDKROOT = iphoneos;
				SWIFT_COMPILATION_MODE = wholemodule;
				SWIFT_OPTIMIZATION_LEVEL = "-O";
				VALIDATE_PRODUCT = YES;
			};
			name = Release;
		};
		98824A94234F116A0089DADC /* Debug */ = {
			isa = XCBuildConfiguration;
			baseConfigurationReference = 7FFFC73B9CE4F59E730FFA8F /* Pods-IMusic.debug.xcconfig */;
			buildSettings = {
				ASSETCATALOG_COMPILER_APPICON_NAME = AppIcon;
				CODE_SIGN_STYLE = Automatic;
				INFOPLIST_FILE = IMusic/Info.plist;
				LD_RUNPATH_SEARCH_PATHS = (
					"$(inherited)",
					"@executable_path/Frameworks",
				);
				PRODUCT_BUNDLE_IDENTIFIER = com.ilyaMarkelov.IMusic;
				PRODUCT_NAME = "$(TARGET_NAME)";
				SWIFT_VERSION = 5.0;
				TARGETED_DEVICE_FAMILY = "1,2";
			};
			name = Debug;
		};
		98824A95234F116A0089DADC /* Release */ = {
			isa = XCBuildConfiguration;
			baseConfigurationReference = ED06DF1560B02CD11AEB1AE0 /* Pods-IMusic.release.xcconfig */;
			buildSettings = {
				ASSETCATALOG_COMPILER_APPICON_NAME = AppIcon;
				CODE_SIGN_STYLE = Automatic;
				INFOPLIST_FILE = IMusic/Info.plist;
				LD_RUNPATH_SEARCH_PATHS = (
					"$(inherited)",
					"@executable_path/Frameworks",
				);
				PRODUCT_BUNDLE_IDENTIFIER = com.ilyaMarkelov.IMusic;
				PRODUCT_NAME = "$(TARGET_NAME)";
				SWIFT_VERSION = 5.0;
				TARGETED_DEVICE_FAMILY = "1,2";
			};
			name = Release;
		};
/* End XCBuildConfiguration section */

/* Begin XCConfigurationList section */
		98824A7A234F11620089DADC /* Build configuration list for PBXProject "IMusic" */ = {
			isa = XCConfigurationList;
			buildConfigurations = (
				98824A91234F116A0089DADC /* Debug */,
				98824A92234F116A0089DADC /* Release */,
			);
			defaultConfigurationIsVisible = 0;
			defaultConfigurationName = Release;
		};
		98824A93234F116A0089DADC /* Build configuration list for PBXNativeTarget "IMusic" */ = {
			isa = XCConfigurationList;
			buildConfigurations = (
				98824A94234F116A0089DADC /* Debug */,
				98824A95234F116A0089DADC /* Release */,
			);
			defaultConfigurationIsVisible = 0;
			defaultConfigurationName = Release;
		};
/* End XCConfigurationList section */
	};
	rootObject = 98824A77234F11620089DADC /* Project object */;
}
